// !$*UTF8*$!
{
	archiveVersion = 1;
	classes = {
	};
	objectVersion = 46;
	objects = {

/* Begin PBXBuildFile section */
		B8BF3C131D2F931600C1119D /* AppDelegate.swift in Sources */ = {isa = PBXBuildFile; fileRef = B8BF3C121D2F931600C1119D /* AppDelegate.swift */; };
		B8BF3C151D2F931600C1119D /* ViewController.swift in Sources */ = {isa = PBXBuildFile; fileRef = B8BF3C141D2F931600C1119D /* ViewController.swift */; };
		B8BF3C181D2F931600C1119D /* Main.storyboard in Resources */ = {isa = PBXBuildFile; fileRef = B8BF3C161D2F931600C1119D /* Main.storyboard */; };
		B8BF3C1A1D2F931600C1119D /* Assets.xcassets in Resources */ = {isa = PBXBuildFile; fileRef = B8BF3C191D2F931600C1119D /* Assets.xcassets */; };
		B8BF3C1D1D2F931600C1119D /* LaunchScreen.storyboard in Resources */ = {isa = PBXBuildFile; fileRef = B8BF3C1B1D2F931600C1119D /* LaunchScreen.storyboard */; };
		B8BF3C281D2F931600C1119D /* WaterFlowDemoTests.swift in Sources */ = {isa = PBXBuildFile; fileRef = B8BF3C271D2F931600C1119D /* WaterFlowDemoTests.swift */; };
		B8BF3C331D2F931600C1119D /* WaterFlowDemoUITests.swift in Sources */ = {isa = PBXBuildFile; fileRef = B8BF3C321D2F931600C1119D /* WaterFlowDemoUITests.swift */; };
		B8BF3C411D2F94B500C1119D /* MyCell.swift in Sources */ = {isa = PBXBuildFile; fileRef = B8BF3C401D2F94B500C1119D /* MyCell.swift */; };
		B8BF3CA71D2F97D600C1119D /* images (1).jpg in Resources */ = {isa = PBXBuildFile; fileRef = B8BF3C431D2F97D600C1119D /* images (1).jpg */; };
		B8BF3CA81D2F97D600C1119D /* images (10).jpg in Resources */ = {isa = PBXBuildFile; fileRef = B8BF3C441D2F97D600C1119D /* images (10).jpg */; };
		B8BF3CA91D2F97D600C1119D /* images (100).jpg in Resources */ = {isa = PBXBuildFile; fileRef = B8BF3C451D2F97D600C1119D /* images (100).jpg */; };
		B8BF3CAA1D2F97D600C1119D /* images (11).jpg in Resources */ = {isa = PBXBuildFile; fileRef = B8BF3C461D2F97D600C1119D /* images (11).jpg */; };
		B8BF3CAB1D2F97D600C1119D /* images (12).jpg in Resources */ = {isa = PBXBuildFile; fileRef = B8BF3C471D2F97D600C1119D /* images (12).jpg */; };
		B8BF3CAC1D2F97D600C1119D /* images (13).jpg in Resources */ = {isa = PBXBuildFile; fileRef = B8BF3C481D2F97D600C1119D /* images (13).jpg */; };
		B8BF3CAD1D2F97D600C1119D /* images (14).jpg in Resources */ = {isa = PBXBuildFile; fileRef = B8BF3C491D2F97D600C1119D /* images (14).jpg */; };
		B8BF3CAE1D2F97D600C1119D /* images (15).jpg in Resources */ = {isa = PBXBuildFile; fileRef = B8BF3C4A1D2F97D600C1119D /* images (15).jpg */; };
		B8BF3CAF1D2F97D600C1119D /* images (16).jpg in Resources */ = {isa = PBXBuildFile; fileRef = B8BF3C4B1D2F97D600C1119D /* images (16).jpg */; };
		B8BF3CB01D2F97D600C1119D /* images (17).jpg in Resources */ = {isa = PBXBuildFile; fileRef = B8BF3C4C1D2F97D600C1119D /* images (17).jpg */; };
		B8BF3CB11D2F97D600C1119D /* images (18).jpg in Resources */ = {isa = PBXBuildFile; fileRef = B8BF3C4D1D2F97D600C1119D /* images (18).jpg */; };
		B8BF3CB21D2F97D600C1119D /* images (19).jpg in Resources */ = {isa = PBXBuildFile; fileRef = B8BF3C4E1D2F97D600C1119D /* images (19).jpg */; };
		B8BF3CB31D2F97D600C1119D /* images (2).jpg in Resources */ = {isa = PBXBuildFile; fileRef = B8BF3C4F1D2F97D600C1119D /* images (2).jpg */; };
		B8BF3CB41D2F97D600C1119D /* images (20).jpg in Resources */ = {isa = PBXBuildFile; fileRef = B8BF3C501D2F97D600C1119D /* images (20).jpg */; };
		B8BF3CB51D2F97D600C1119D /* images (21).jpg in Resources */ = {isa = PBXBuildFile; fileRef = B8BF3C511D2F97D600C1119D /* images (21).jpg */; };
		B8BF3CB61D2F97D600C1119D /* images (22).jpg in Resources */ = {isa = PBXBuildFile; fileRef = B8BF3C521D2F97D600C1119D /* images (22).jpg */; };
		B8BF3CB71D2F97D600C1119D /* images (23).jpg in Resources */ = {isa = PBXBuildFile; fileRef = B8BF3C531D2F97D600C1119D /* images (23).jpg */; };
		B8BF3CB81D2F97D600C1119D /* images (24).jpg in Resources */ = {isa = PBXBuildFile; fileRef = B8BF3C541D2F97D600C1119D /* images (24).jpg */; };
		B8BF3CB91D2F97D600C1119D /* images (25).jpg in Resources */ = {isa = PBXBuildFile; fileRef = B8BF3C551D2F97D600C1119D /* images (25).jpg */; };
		B8BF3CBA1D2F97D600C1119D /* images (26).jpg in Resources */ = {isa = PBXBuildFile; fileRef = B8BF3C561D2F97D600C1119D /* images (26).jpg */; };
		B8BF3CBB1D2F97D600C1119D /* images (27).jpg in Resources */ = {isa = PBXBuildFile; fileRef = B8BF3C571D2F97D600C1119D /* images (27).jpg */; };
		B8BF3CBC1D2F97D600C1119D /* images (28).jpg in Resources */ = {isa = PBXBuildFile; fileRef = B8BF3C581D2F97D600C1119D /* images (28).jpg */; };
		B8BF3CBD1D2F97D600C1119D /* images (29).jpg in Resources */ = {isa = PBXBuildFile; fileRef = B8BF3C591D2F97D600C1119D /* images (29).jpg */; };
		B8BF3CBE1D2F97D600C1119D /* images (3).jpg in Resources */ = {isa = PBXBuildFile; fileRef = B8BF3C5A1D2F97D600C1119D /* images (3).jpg */; };
		B8BF3CBF1D2F97D600C1119D /* images (30).jpg in Resources */ = {isa = PBXBuildFile; fileRef = B8BF3C5B1D2F97D600C1119D /* images (30).jpg */; };
		B8BF3CC01D2F97D600C1119D /* images (31).jpg in Resources */ = {isa = PBXBuildFile; fileRef = B8BF3C5C1D2F97D600C1119D /* images (31).jpg */; };
		B8BF3CC11D2F97D600C1119D /* images (32).jpg in Resources */ = {isa = PBXBuildFile; fileRef = B8BF3C5D1D2F97D600C1119D /* images (32).jpg */; };
		B8BF3CC21D2F97D600C1119D /* images (33).jpg in Resources */ = {isa = PBXBuildFile; fileRef = B8BF3C5E1D2F97D600C1119D /* images (33).jpg */; };
		B8BF3CC31D2F97D600C1119D /* images (34).jpg in Resources */ = {isa = PBXBuildFile; fileRef = B8BF3C5F1D2F97D600C1119D /* images (34).jpg */; };
		B8BF3CC41D2F97D600C1119D /* images (35).jpg in Resources */ = {isa = PBXBuildFile; fileRef = B8BF3C601D2F97D600C1119D /* images (35).jpg */; };
		B8BF3CC51D2F97D600C1119D /* images (36).jpg in Resources */ = {isa = PBXBuildFile; fileRef = B8BF3C611D2F97D600C1119D /* images (36).jpg */; };
		B8BF3CC61D2F97D600C1119D /* images (37).jpg in Resources */ = {isa = PBXBuildFile; fileRef = B8BF3C621D2F97D600C1119D /* images (37).jpg */; };
		B8BF3CC71D2F97D600C1119D /* images (38).jpg in Resources */ = {isa = PBXBuildFile; fileRef = B8BF3C631D2F97D600C1119D /* images (38).jpg */; };
		B8BF3CC81D2F97D600C1119D /* images (39).jpg in Resources */ = {isa = PBXBuildFile; fileRef = B8BF3C641D2F97D600C1119D /* images (39).jpg */; };
		B8BF3CC91D2F97D600C1119D /* images (4).jpg in Resources */ = {isa = PBXBuildFile; fileRef = B8BF3C651D2F97D600C1119D /* images (4).jpg */; };
		B8BF3CCA1D2F97D600C1119D /* images (40).jpg in Resources */ = {isa = PBXBuildFile; fileRef = B8BF3C661D2F97D600C1119D /* images (40).jpg */; };
		B8BF3CCB1D2F97D600C1119D /* images (41).jpg in Resources */ = {isa = PBXBuildFile; fileRef = B8BF3C671D2F97D600C1119D /* images (41).jpg */; };
		B8BF3CCC1D2F97D600C1119D /* images (42).jpg in Resources */ = {isa = PBXBuildFile; fileRef = B8BF3C681D2F97D600C1119D /* images (42).jpg */; };
		B8BF3CCD1D2F97D600C1119D /* images (43).jpg in Resources */ = {isa = PBXBuildFile; fileRef = B8BF3C691D2F97D600C1119D /* images (43).jpg */; };
		B8BF3CCE1D2F97D600C1119D /* images (44).jpg in Resources */ = {isa = PBXBuildFile; fileRef = B8BF3C6A1D2F97D600C1119D /* images (44).jpg */; };
		B8BF3CCF1D2F97D600C1119D /* images (45).jpg in Resources */ = {isa = PBXBuildFile; fileRef = B8BF3C6B1D2F97D600C1119D /* images (45).jpg */; };
		B8BF3CD01D2F97D600C1119D /* images (46).jpg in Resources */ = {isa = PBXBuildFile; fileRef = B8BF3C6C1D2F97D600C1119D /* images (46).jpg */; };
		B8BF3CD11D2F97D600C1119D /* images (47).jpg in Resources */ = {isa = PBXBuildFile; fileRef = B8BF3C6D1D2F97D600C1119D /* images (47).jpg */; };
		B8BF3CD21D2F97D600C1119D /* images (48).jpg in Resources */ = {isa = PBXBuildFile; fileRef = B8BF3C6E1D2F97D600C1119D /* images (48).jpg */; };
		B8BF3CD31D2F97D600C1119D /* images (49).jpg in Resources */ = {isa = PBXBuildFile; fileRef = B8BF3C6F1D2F97D600C1119D /* images (49).jpg */; };
		B8BF3CD41D2F97D600C1119D /* images (5).jpg in Resources */ = {isa = PBXBuildFile; fileRef = B8BF3C701D2F97D600C1119D /* images (5).jpg */; };
		B8BF3CD51D2F97D600C1119D /* images (50).jpg in Resources */ = {isa = PBXBuildFile; fileRef = B8BF3C711D2F97D600C1119D /* images (50).jpg */; };
		B8BF3CD61D2F97D600C1119D /* images (51).jpg in Resources */ = {isa = PBXBuildFile; fileRef = B8BF3C721D2F97D600C1119D /* images (51).jpg */; };
		B8BF3CD71D2F97D600C1119D /* images (52).jpg in Resources */ = {isa = PBXBuildFile; fileRef = B8BF3C731D2F97D600C1119D /* images (52).jpg */; };
		B8BF3CD81D2F97D600C1119D /* images (53).jpg in Resources */ = {isa = PBXBuildFile; fileRef = B8BF3C741D2F97D600C1119D /* images (53).jpg */; };
		B8BF3CD91D2F97D600C1119D /* images (54).jpg in Resources */ = {isa = PBXBuildFile; fileRef = B8BF3C751D2F97D600C1119D /* images (54).jpg */; };
		B8BF3CDA1D2F97D600C1119D /* images (55).jpg in Resources */ = {isa = PBXBuildFile; fileRef = B8BF3C761D2F97D600C1119D /* images (55).jpg */; };
		B8BF3CDB1D2F97D600C1119D /* images (56).jpg in Resources */ = {isa = PBXBuildFile; fileRef = B8BF3C771D2F97D600C1119D /* images (56).jpg */; };
		B8BF3CDC1D2F97D600C1119D /* images (57).jpg in Resources */ = {isa = PBXBuildFile; fileRef = B8BF3C781D2F97D600C1119D /* images (57).jpg */; };
		B8BF3CDD1D2F97D600C1119D /* images (58).jpg in Resources */ = {isa = PBXBuildFile; fileRef = B8BF3C791D2F97D600C1119D /* images (58).jpg */; };
		B8BF3CDE1D2F97D600C1119D /* images (59).jpg in Resources */ = {isa = PBXBuildFile; fileRef = B8BF3C7A1D2F97D600C1119D /* images (59).jpg */; };
		B8BF3CDF1D2F97D600C1119D /* images (6).jpg in Resources */ = {isa = PBXBuildFile; fileRef = B8BF3C7B1D2F97D600C1119D /* images (6).jpg */; };
		B8BF3CE01D2F97D600C1119D /* images (60).jpg in Resources */ = {isa = PBXBuildFile; fileRef = B8BF3C7C1D2F97D600C1119D /* images (60).jpg */; };
		B8BF3CE11D2F97D600C1119D /* images (61).jpg in Resources */ = {isa = PBXBuildFile; fileRef = B8BF3C7D1D2F97D600C1119D /* images (61).jpg */; };
		B8BF3CE21D2F97D600C1119D /* images (62).jpg in Resources */ = {isa = PBXBuildFile; fileRef = B8BF3C7E1D2F97D600C1119D /* images (62).jpg */; };
		B8BF3CE31D2F97D600C1119D /* images (63).jpg in Resources */ = {isa = PBXBuildFile; fileRef = B8BF3C7F1D2F97D600C1119D /* images (63).jpg */; };
		B8BF3CE41D2F97D600C1119D /* images (64).jpg in Resources */ = {isa = PBXBuildFile; fileRef = B8BF3C801D2F97D600C1119D /* images (64).jpg */; };
		B8BF3CE51D2F97D600C1119D /* images (65).jpg in Resources */ = {isa = PBXBuildFile; fileRef = B8BF3C811D2F97D600C1119D /* images (65).jpg */; };
		B8BF3CE61D2F97D600C1119D /* images (66).jpg in Resources */ = {isa = PBXBuildFile; fileRef = B8BF3C821D2F97D600C1119D /* images (66).jpg */; };
		B8BF3CE71D2F97D600C1119D /* images (67).jpg in Resources */ = {isa = PBXBuildFile; fileRef = B8BF3C831D2F97D600C1119D /* images (67).jpg */; };
		B8BF3CE81D2F97D600C1119D /* images (68).jpg in Resources */ = {isa = PBXBuildFile; fileRef = B8BF3C841D2F97D600C1119D /* images (68).jpg */; };
		B8BF3CE91D2F97D600C1119D /* images (69).jpg in Resources */ = {isa = PBXBuildFile; fileRef = B8BF3C851D2F97D600C1119D /* images (69).jpg */; };
		B8BF3CEA1D2F97D600C1119D /* images (7).jpg in Resources */ = {isa = PBXBuildFile; fileRef = B8BF3C861D2F97D600C1119D /* images (7).jpg */; };
		B8BF3CEB1D2F97D600C1119D /* images (70).jpg in Resources */ = {isa = PBXBuildFile; fileRef = B8BF3C871D2F97D600C1119D /* images (70).jpg */; };
		B8BF3CEC1D2F97D600C1119D /* images (71).jpg in Resources */ = {isa = PBXBuildFile; fileRef = B8BF3C881D2F97D600C1119D /* images (71).jpg */; };
		B8BF3CED1D2F97D600C1119D /* images (72).jpg in Resources */ = {isa = PBXBuildFile; fileRef = B8BF3C891D2F97D600C1119D /* images (72).jpg */; };
		B8BF3CEE1D2F97D600C1119D /* images (73).jpg in Resources */ = {isa = PBXBuildFile; fileRef = B8BF3C8A1D2F97D600C1119D /* images (73).jpg */; };
		B8BF3CEF1D2F97D600C1119D /* images (74).jpg in Resources */ = {isa = PBXBuildFile; fileRef = B8BF3C8B1D2F97D600C1119D /* images (74).jpg */; };
		B8BF3CF01D2F97D600C1119D /* images (75).jpg in Resources */ = {isa = PBXBuildFile; fileRef = B8BF3C8C1D2F97D600C1119D /* images (75).jpg */; };
		B8BF3CF11D2F97D600C1119D /* images (76).jpg in Resources */ = {isa = PBXBuildFile; fileRef = B8BF3C8D1D2F97D600C1119D /* images (76).jpg */; };
		B8BF3CF21D2F97D600C1119D /* images (77).jpg in Resources */ = {isa = PBXBuildFile; fileRef = B8BF3C8E1D2F97D600C1119D /* images (77).jpg */; };
		B8BF3CF31D2F97D600C1119D /* images (78).jpg in Resources */ = {isa = PBXBuildFile; fileRef = B8BF3C8F1D2F97D600C1119D /* images (78).jpg */; };
		B8BF3CF41D2F97D600C1119D /* images (79).jpg in Resources */ = {isa = PBXBuildFile; fileRef = B8BF3C901D2F97D600C1119D /* images (79).jpg */; };
		B8BF3CF51D2F97D600C1119D /* images (8).jpg in Resources */ = {isa = PBXBuildFile; fileRef = B8BF3C911D2F97D600C1119D /* images (8).jpg */; };
		B8BF3CF61D2F97D600C1119D /* images (80).jpg in Resources */ = {isa = PBXBuildFile; fileRef = B8BF3C921D2F97D600C1119D /* images (80).jpg */; };
		B8BF3CF71D2F97D600C1119D /* images (81).jpg in Resources */ = {isa = PBXBuildFile; fileRef = B8BF3C931D2F97D600C1119D /* images (81).jpg */; };
		B8BF3CF81D2F97D600C1119D /* images (82).jpg in Resources */ = {isa = PBXBuildFile; fileRef = B8BF3C941D2F97D600C1119D /* images (82).jpg */; };
		B8BF3CF91D2F97D600C1119D /* images (83).jpg in Resources */ = {isa = PBXBuildFile; fileRef = B8BF3C951D2F97D600C1119D /* images (83).jpg */; };
		B8BF3CFA1D2F97D600C1119D /* images (84).jpg in Resources */ = {isa = PBXBuildFile; fileRef = B8BF3C961D2F97D600C1119D /* images (84).jpg */; };
		B8BF3CFB1D2F97D600C1119D /* images (85).jpg in Resources */ = {isa = PBXBuildFile; fileRef = B8BF3C971D2F97D600C1119D /* images (85).jpg */; };
		B8BF3CFC1D2F97D600C1119D /* images (86).jpg in Resources */ = {isa = PBXBuildFile; fileRef = B8BF3C981D2F97D600C1119D /* images (86).jpg */; };
		B8BF3CFD1D2F97D600C1119D /* images (87).jpg in Resources */ = {isa = PBXBuildFile; fileRef = B8BF3C991D2F97D600C1119D /* images (87).jpg */; };
		B8BF3CFE1D2F97D600C1119D /* images (88).jpg in Resources */ = {isa = PBXBuildFile; fileRef = B8BF3C9A1D2F97D600C1119D /* images (88).jpg */; };
		B8BF3CFF1D2F97D600C1119D /* images (89).jpg in Resources */ = {isa = PBXBuildFile; fileRef = B8BF3C9B1D2F97D600C1119D /* images (89).jpg */; };
		B8BF3D001D2F97D600C1119D /* images (9).jpg in Resources */ = {isa = PBXBuildFile; fileRef = B8BF3C9C1D2F97D600C1119D /* images (9).jpg */; };
		B8BF3D011D2F97D600C1119D /* images (90).jpg in Resources */ = {isa = PBXBuildFile; fileRef = B8BF3C9D1D2F97D600C1119D /* images (90).jpg */; };
		B8BF3D021D2F97D600C1119D /* images (91).jpg in Resources */ = {isa = PBXBuildFile; fileRef = B8BF3C9E1D2F97D600C1119D /* images (91).jpg */; };
		B8BF3D031D2F97D600C1119D /* images (92).jpg in Resources */ = {isa = PBXBuildFile; fileRef = B8BF3C9F1D2F97D600C1119D /* images (92).jpg */; };
		B8BF3D041D2F97D600C1119D /* images (93).jpg in Resources */ = {isa = PBXBuildFile; fileRef = B8BF3CA01D2F97D600C1119D /* images (93).jpg */; };
		B8BF3D051D2F97D600C1119D /* images (94).jpg in Resources */ = {isa = PBXBuildFile; fileRef = B8BF3CA11D2F97D600C1119D /* images (94).jpg */; };
		B8BF3D061D2F97D600C1119D /* images (95).jpg in Resources */ = {isa = PBXBuildFile; fileRef = B8BF3CA21D2F97D600C1119D /* images (95).jpg */; };
		B8BF3D071D2F97D600C1119D /* images (96).jpg in Resources */ = {isa = PBXBuildFile; fileRef = B8BF3CA31D2F97D600C1119D /* images (96).jpg */; };
		B8BF3D081D2F97D600C1119D /* images (97).jpg in Resources */ = {isa = PBXBuildFile; fileRef = B8BF3CA41D2F97D600C1119D /* images (97).jpg */; };
		B8BF3D091D2F97D600C1119D /* images (98).jpg in Resources */ = {isa = PBXBuildFile; fileRef = B8BF3CA51D2F97D600C1119D /* images (98).jpg */; };
		B8BF3D0A1D2F97D600C1119D /* images (99).jpg in Resources */ = {isa = PBXBuildFile; fileRef = B8BF3CA61D2F97D600C1119D /* images (99).jpg */; };
		B8BF3D0C1D2F9A6500C1119D /* MyLayout.swift in Sources */ = {isa = PBXBuildFile; fileRef = B8BF3D0B1D2F9A6500C1119D /* MyLayout.swift */; };
/* End PBXBuildFile section */

/* Begin PBXContainerItemProxy section */
		B8BF3C241D2F931600C1119D /* PBXContainerItemProxy */ = {
			isa = PBXContainerItemProxy;
			containerPortal = B8BF3C071D2F931600C1119D /* Project object */;
			proxyType = 1;
			remoteGlobalIDString = B8BF3C0E1D2F931600C1119D;
			remoteInfo = WaterFlowDemo;
		};
		B8BF3C2F1D2F931600C1119D /* PBXContainerItemProxy */ = {
			isa = PBXContainerItemProxy;
			containerPortal = B8BF3C071D2F931600C1119D /* Project object */;
			proxyType = 1;
			remoteGlobalIDString = B8BF3C0E1D2F931600C1119D;
			remoteInfo = WaterFlowDemo;
		};
/* End PBXContainerItemProxy section */

/* Begin PBXFileReference section */
		B8BF3C0F1D2F931600C1119D /* WaterFlowDemo.app */ = {isa = PBXFileReference; explicitFileType = wrapper.application; includeInIndex = 0; path = WaterFlowDemo.app; sourceTree = BUILT_PRODUCTS_DIR; };
		B8BF3C121D2F931600C1119D /* AppDelegate.swift */ = {isa = PBXFileReference; lastKnownFileType = sourcecode.swift; path = AppDelegate.swift; sourceTree = "<group>"; };
		B8BF3C141D2F931600C1119D /* ViewController.swift */ = {isa = PBXFileReference; lastKnownFileType = sourcecode.swift; path = ViewController.swift; sourceTree = "<group>"; };
		B8BF3C171D2F931600C1119D /* Base */ = {isa = PBXFileReference; lastKnownFileType = file.storyboard; name = Base; path = Base.lproj/Main.storyboard; sourceTree = "<group>"; };
		B8BF3C191D2F931600C1119D /* Assets.xcassets */ = {isa = PBXFileReference; lastKnownFileType = folder.assetcatalog; path = Assets.xcassets; sourceTree = "<group>"; };
		B8BF3C1C1D2F931600C1119D /* Base */ = {isa = PBXFileReference; lastKnownFileType = file.storyboard; name = Base; path = Base.lproj/LaunchScreen.storyboard; sourceTree = "<group>"; };
		B8BF3C1E1D2F931600C1119D /* Info.plist */ = {isa = PBXFileReference; lastKnownFileType = text.plist.xml; path = Info.plist; sourceTree = "<group>"; };
		B8BF3C231D2F931600C1119D /* WaterFlowDemoTests.xctest */ = {isa = PBXFileReference; explicitFileType = wrapper.cfbundle; includeInIndex = 0; path = WaterFlowDemoTests.xctest; sourceTree = BUILT_PRODUCTS_DIR; };
		B8BF3C271D2F931600C1119D /* WaterFlowDemoTests.swift */ = {isa = PBXFileReference; lastKnownFileType = sourcecode.swift; path = WaterFlowDemoTests.swift; sourceTree = "<group>"; };
		B8BF3C291D2F931600C1119D /* Info.plist */ = {isa = PBXFileReference; lastKnownFileType = text.plist.xml; path = Info.plist; sourceTree = "<group>"; };
		B8BF3C2E1D2F931600C1119D /* WaterFlowDemoUITests.xctest */ = {isa = PBXFileReference; explicitFileType = wrapper.cfbundle; includeInIndex = 0; path = WaterFlowDemoUITests.xctest; sourceTree = BUILT_PRODUCTS_DIR; };
		B8BF3C321D2F931600C1119D /* WaterFlowDemoUITests.swift */ = {isa = PBXFileReference; lastKnownFileType = sourcecode.swift; path = WaterFlowDemoUITests.swift; sourceTree = "<group>"; };
		B8BF3C341D2F931700C1119D /* Info.plist */ = {isa = PBXFileReference; lastKnownFileType = text.plist.xml; path = Info.plist; sourceTree = "<group>"; };
		B8BF3C401D2F94B500C1119D /* MyCell.swift */ = {isa = PBXFileReference; fileEncoding = 4; lastKnownFileType = sourcecode.swift; path = MyCell.swift; sourceTree = "<group>"; };
		B8BF3C431D2F97D600C1119D /* images (1).jpg */ = {isa = PBXFileReference; lastKnownFileType = image.jpeg; path = "images (1).jpg"; sourceTree = "<group>"; };
		B8BF3C441D2F97D600C1119D /* images (10).jpg */ = {isa = PBXFileReference; lastKnownFileType = image.jpeg; path = "images (10).jpg"; sourceTree = "<group>"; };
		B8BF3C451D2F97D600C1119D /* images (100).jpg */ = {isa = PBXFileReference; lastKnownFileType = image.jpeg; path = "images (100).jpg"; sourceTree = "<group>"; };
		B8BF3C461D2F97D600C1119D /* images (11).jpg */ = {isa = PBXFileReference; lastKnownFileType = image.jpeg; path = "images (11).jpg"; sourceTree = "<group>"; };
		B8BF3C471D2F97D600C1119D /* images (12).jpg */ = {isa = PBXFileReference; lastKnownFileType = image.jpeg; path = "images (12).jpg"; sourceTree = "<group>"; };
		B8BF3C481D2F97D600C1119D /* images (13).jpg */ = {isa = PBXFileReference; lastKnownFileType = image.jpeg; path = "images (13).jpg"; sourceTree = "<group>"; };
		B8BF3C491D2F97D600C1119D /* images (14).jpg */ = {isa = PBXFileReference; lastKnownFileType = image.jpeg; path = "images (14).jpg"; sourceTree = "<group>"; };
		B8BF3C4A1D2F97D600C1119D /* images (15).jpg */ = {isa = PBXFileReference; lastKnownFileType = image.jpeg; path = "images (15).jpg"; sourceTree = "<group>"; };
		B8BF3C4B1D2F97D600C1119D /* images (16).jpg */ = {isa = PBXFileReference; lastKnownFileType = image.jpeg; path = "images (16).jpg"; sourceTree = "<group>"; };
		B8BF3C4C1D2F97D600C1119D /* images (17).jpg */ = {isa = PBXFileReference; lastKnownFileType = image.jpeg; path = "images (17).jpg"; sourceTree = "<group>"; };
		B8BF3C4D1D2F97D600C1119D /* images (18).jpg */ = {isa = PBXFileReference; lastKnownFileType = image.jpeg; path = "images (18).jpg"; sourceTree = "<group>"; };
		B8BF3C4E1D2F97D600C1119D /* images (19).jpg */ = {isa = PBXFileReference; lastKnownFileType = image.jpeg; path = "images (19).jpg"; sourceTree = "<group>"; };
		B8BF3C4F1D2F97D600C1119D /* images (2).jpg */ = {isa = PBXFileReference; lastKnownFileType = image.jpeg; path = "images (2).jpg"; sourceTree = "<group>"; };
		B8BF3C501D2F97D600C1119D /* images (20).jpg */ = {isa = PBXFileReference; lastKnownFileType = image.jpeg; path = "images (20).jpg"; sourceTree = "<group>"; };
		B8BF3C511D2F97D600C1119D /* images (21).jpg */ = {isa = PBXFileReference; lastKnownFileType = image.jpeg; path = "images (21).jpg"; sourceTree = "<group>"; };
		B8BF3C521D2F97D600C1119D /* images (22).jpg */ = {isa = PBXFileReference; lastKnownFileType = image.jpeg; path = "images (22).jpg"; sourceTree = "<group>"; };
		B8BF3C531D2F97D600C1119D /* images (23).jpg */ = {isa = PBXFileReference; lastKnownFileType = image.jpeg; path = "images (23).jpg"; sourceTree = "<group>"; };
		B8BF3C541D2F97D600C1119D /* images (24).jpg */ = {isa = PBXFileReference; lastKnownFileType = image.jpeg; path = "images (24).jpg"; sourceTree = "<group>"; };
		B8BF3C551D2F97D600C1119D /* images (25).jpg */ = {isa = PBXFileReference; lastKnownFileType = image.jpeg; path = "images (25).jpg"; sourceTree = "<group>"; };
		B8BF3C561D2F97D600C1119D /* images (26).jpg */ = {isa = PBXFileReference; lastKnownFileType = image.jpeg; path = "images (26).jpg"; sourceTree = "<group>"; };
		B8BF3C571D2F97D600C1119D /* images (27).jpg */ = {isa = PBXFileReference; lastKnownFileType = image.jpeg; path = "images (27).jpg"; sourceTree = "<group>"; };
		B8BF3C581D2F97D600C1119D /* images (28).jpg */ = {isa = PBXFileReference; lastKnownFileType = image.jpeg; path = "images (28).jpg"; sourceTree = "<group>"; };
		B8BF3C591D2F97D600C1119D /* images (29).jpg */ = {isa = PBXFileReference; lastKnownFileType = image.jpeg; path = "images (29).jpg"; sourceTree = "<group>"; };
		B8BF3C5A1D2F97D600C1119D /* images (3).jpg */ = {isa = PBXFileReference; lastKnownFileType = image.jpeg; path = "images (3).jpg"; sourceTree = "<group>"; };
		B8BF3C5B1D2F97D600C1119D /* images (30).jpg */ = {isa = PBXFileReference; lastKnownFileType = image.jpeg; path = "images (30).jpg"; sourceTree = "<group>"; };
		B8BF3C5C1D2F97D600C1119D /* images (31).jpg */ = {isa = PBXFileReference; lastKnownFileType = image.jpeg; path = "images (31).jpg"; sourceTree = "<group>"; };
		B8BF3C5D1D2F97D600C1119D /* images (32).jpg */ = {isa = PBXFileReference; lastKnownFileType = image.jpeg; path = "images (32).jpg"; sourceTree = "<group>"; };
		B8BF3C5E1D2F97D600C1119D /* images (33).jpg */ = {isa = PBXFileReference; lastKnownFileType = image.jpeg; path = "images (33).jpg"; sourceTree = "<group>"; };
		B8BF3C5F1D2F97D600C1119D /* images (34).jpg */ = {isa = PBXFileReference; lastKnownFileType = image.jpeg; path = "images (34).jpg"; sourceTree = "<group>"; };
		B8BF3C601D2F97D600C1119D /* images (35).jpg */ = {isa = PBXFileReference; lastKnownFileType = image.jpeg; path = "images (35).jpg"; sourceTree = "<group>"; };
		B8BF3C611D2F97D600C1119D /* images (36).jpg */ = {isa = PBXFileReference; lastKnownFileType = image.jpeg; path = "images (36).jpg"; sourceTree = "<group>"; };
		B8BF3C621D2F97D600C1119D /* images (37).jpg */ = {isa = PBXFileReference; lastKnownFileType = image.jpeg; path = "images (37).jpg"; sourceTree = "<group>"; };
		B8BF3C631D2F97D600C1119D /* images (38).jpg */ = {isa = PBXFileReference; lastKnownFileType = image.jpeg; path = "images (38).jpg"; sourceTree = "<group>"; };
		B8BF3C641D2F97D600C1119D /* images (39).jpg */ = {isa = PBXFileReference; lastKnownFileType = image.jpeg; path = "images (39).jpg"; sourceTree = "<group>"; };
		B8BF3C651D2F97D600C1119D /* images (4).jpg */ = {isa = PBXFileReference; lastKnownFileType = image.jpeg; path = "images (4).jpg"; sourceTree = "<group>"; };
		B8BF3C661D2F97D600C1119D /* images (40).jpg */ = {isa = PBXFileReference; lastKnownFileType = image.jpeg; path = "images (40).jpg"; sourceTree = "<group>"; };
		B8BF3C671D2F97D600C1119D /* images (41).jpg */ = {isa = PBXFileReference; lastKnownFileType = image.jpeg; path = "images (41).jpg"; sourceTree = "<group>"; };
		B8BF3C681D2F97D600C1119D /* images (42).jpg */ = {isa = PBXFileReference; lastKnownFileType = image.jpeg; path = "images (42).jpg"; sourceTree = "<group>"; };
		B8BF3C691D2F97D600C1119D /* images (43).jpg */ = {isa = PBXFileReference; lastKnownFileType = image.jpeg; path = "images (43).jpg"; sourceTree = "<group>"; };
		B8BF3C6A1D2F97D600C1119D /* images (44).jpg */ = {isa = PBXFileReference; lastKnownFileType = image.jpeg; path = "images (44).jpg"; sourceTree = "<group>"; };
		B8BF3C6B1D2F97D600C1119D /* images (45).jpg */ = {isa = PBXFileReference; lastKnownFileType = image.jpeg; path = "images (45).jpg"; sourceTree = "<group>"; };
		B8BF3C6C1D2F97D600C1119D /* images (46).jpg */ = {isa = PBXFileReference; lastKnownFileType = image.jpeg; path = "images (46).jpg"; sourceTree = "<group>"; };
		B8BF3C6D1D2F97D600C1119D /* images (47).jpg */ = {isa = PBXFileReference; lastKnownFileType = image.jpeg; path = "images (47).jpg"; sourceTree = "<group>"; };
		B8BF3C6E1D2F97D600C1119D /* images (48).jpg */ = {isa = PBXFileReference; lastKnownFileType = image.jpeg; path = "images (48).jpg"; sourceTree = "<group>"; };
		B8BF3C6F1D2F97D600C1119D /* images (49).jpg */ = {isa = PBXFileReference; lastKnownFileType = image.jpeg; path = "images (49).jpg"; sourceTree = "<group>"; };
		B8BF3C701D2F97D600C1119D /* images (5).jpg */ = {isa = PBXFileReference; lastKnownFileType = image.jpeg; path = "images (5).jpg"; sourceTree = "<group>"; };
		B8BF3C711D2F97D600C1119D /* images (50).jpg */ = {isa = PBXFileReference; lastKnownFileType = image.jpeg; path = "images (50).jpg"; sourceTree = "<group>"; };
		B8BF3C721D2F97D600C1119D /* images (51).jpg */ = {isa = PBXFileReference; lastKnownFileType = image.jpeg; path = "images (51).jpg"; sourceTree = "<group>"; };
		B8BF3C731D2F97D600C1119D /* images (52).jpg */ = {isa = PBXFileReference; lastKnownFileType = image.jpeg; path = "images (52).jpg"; sourceTree = "<group>"; };
		B8BF3C741D2F97D600C1119D /* images (53).jpg */ = {isa = PBXFileReference; lastKnownFileType = image.jpeg; path = "images (53).jpg"; sourceTree = "<group>"; };
		B8BF3C751D2F97D600C1119D /* images (54).jpg */ = {isa = PBXFileReference; lastKnownFileType = image.jpeg; path = "images (54).jpg"; sourceTree = "<group>"; };
		B8BF3C761D2F97D600C1119D /* images (55).jpg */ = {isa = PBXFileReference; lastKnownFileType = image.jpeg; path = "images (55).jpg"; sourceTree = "<group>"; };
		B8BF3C771D2F97D600C1119D /* images (56).jpg */ = {isa = PBXFileReference; lastKnownFileType = image.jpeg; path = "images (56).jpg"; sourceTree = "<group>"; };
		B8BF3C781D2F97D600C1119D /* images (57).jpg */ = {isa = PBXFileReference; lastKnownFileType = image.jpeg; path = "images (57).jpg"; sourceTree = "<group>"; };
		B8BF3C791D2F97D600C1119D /* images (58).jpg */ = {isa = PBXFileReference; lastKnownFileType = image.jpeg; path = "images (58).jpg"; sourceTree = "<group>"; };
		B8BF3C7A1D2F97D600C1119D /* images (59).jpg */ = {isa = PBXFileReference; lastKnownFileType = image.jpeg; path = "images (59).jpg"; sourceTree = "<group>"; };
		B8BF3C7B1D2F97D600C1119D /* images (6).jpg */ = {isa = PBXFileReference; lastKnownFileType = image.jpeg; path = "images (6).jpg"; sourceTree = "<group>"; };
		B8BF3C7C1D2F97D600C1119D /* images (60).jpg */ = {isa = PBXFileReference; lastKnownFileType = image.jpeg; path = "images (60).jpg"; sourceTree = "<group>"; };
		B8BF3C7D1D2F97D600C1119D /* images (61).jpg */ = {isa = PBXFileReference; lastKnownFileType = image.jpeg; path = "images (61).jpg"; sourceTree = "<group>"; };
		B8BF3C7E1D2F97D600C1119D /* images (62).jpg */ = {isa = PBXFileReference; lastKnownFileType = image.jpeg; path = "images (62).jpg"; sourceTree = "<group>"; };
		B8BF3C7F1D2F97D600C1119D /* images (63).jpg */ = {isa = PBXFileReference; lastKnownFileType = image.jpeg; path = "images (63).jpg"; sourceTree = "<group>"; };
		B8BF3C801D2F97D600C1119D /* images (64).jpg */ = {isa = PBXFileReference; lastKnownFileType = image.jpeg; path = "images (64).jpg"; sourceTree = "<group>"; };
		B8BF3C811D2F97D600C1119D /* images (65).jpg */ = {isa = PBXFileReference; lastKnownFileType = image.jpeg; path = "images (65).jpg"; sourceTree = "<group>"; };
		B8BF3C821D2F97D600C1119D /* images (66).jpg */ = {isa = PBXFileReference; lastKnownFileType = image.jpeg; path = "images (66).jpg"; sourceTree = "<group>"; };
		B8BF3C831D2F97D600C1119D /* images (67).jpg */ = {isa = PBXFileReference; lastKnownFileType = image.jpeg; path = "images (67).jpg"; sourceTree = "<group>"; };
		B8BF3C841D2F97D600C1119D /* images (68).jpg */ = {isa = PBXFileReference; lastKnownFileType = image.jpeg; path = "images (68).jpg"; sourceTree = "<group>"; };
		B8BF3C851D2F97D600C1119D /* images (69).jpg */ = {isa = PBXFileReference; lastKnownFileType = image.jpeg; path = "images (69).jpg"; sourceTree = "<group>"; };
		B8BF3C861D2F97D600C1119D /* images (7).jpg */ = {isa = PBXFileReference; lastKnownFileType = image.jpeg; path = "images (7).jpg"; sourceTree = "<group>"; };
		B8BF3C871D2F97D600C1119D /* images (70).jpg */ = {isa = PBXFileReference; lastKnownFileType = image.jpeg; path = "images (70).jpg"; sourceTree = "<group>"; };
		B8BF3C881D2F97D600C1119D /* images (71).jpg */ = {isa = PBXFileReference; lastKnownFileType = image.jpeg; path = "images (71).jpg"; sourceTree = "<group>"; };
		B8BF3C891D2F97D600C1119D /* images (72).jpg */ = {isa = PBXFileReference; lastKnownFileType = image.jpeg; path = "images (72).jpg"; sourceTree = "<group>"; };
		B8BF3C8A1D2F97D600C1119D /* images (73).jpg */ = {isa = PBXFileReference; lastKnownFileType = image.jpeg; path = "images (73).jpg"; sourceTree = "<group>"; };
		B8BF3C8B1D2F97D600C1119D /* images (74).jpg */ = {isa = PBXFileReference; lastKnownFileType = image.jpeg; path = "images (74).jpg"; sourceTree = "<group>"; };
		B8BF3C8C1D2F97D600C1119D /* images (75).jpg */ = {isa = PBXFileReference; lastKnownFileType = image.jpeg; path = "images (75).jpg"; sourceTree = "<group>"; };
		B8BF3C8D1D2F97D600C1119D /* images (76).jpg */ = {isa = PBXFileReference; lastKnownFileType = image.jpeg; path = "images (76).jpg"; sourceTree = "<group>"; };
		B8BF3C8E1D2F97D600C1119D /* images (77).jpg */ = {isa = PBXFileReference; lastKnownFileType = image.jpeg; path = "images (77).jpg"; sourceTree = "<group>"; };
		B8BF3C8F1D2F97D600C1119D /* images (78).jpg */ = {isa = PBXFileReference; lastKnownFileType = image.jpeg; path = "images (78).jpg"; sourceTree = "<group>"; };
		B8BF3C901D2F97D600C1119D /* images (79).jpg */ = {isa = PBXFileReference; lastKnownFileType = image.jpeg; path = "images (79).jpg"; sourceTree = "<group>"; };
		B8BF3C911D2F97D600C1119D /* images (8).jpg */ = {isa = PBXFileReference; lastKnownFileType = image.jpeg; path = "images (8).jpg"; sourceTree = "<group>"; };
		B8BF3C921D2F97D600C1119D /* images (80).jpg */ = {isa = PBXFileReference; lastKnownFileType = image.jpeg; path = "images (80).jpg"; sourceTree = "<group>"; };
		B8BF3C931D2F97D600C1119D /* images (81).jpg */ = {isa = PBXFileReference; lastKnownFileType = image.jpeg; path = "images (81).jpg"; sourceTree = "<group>"; };
		B8BF3C941D2F97D600C1119D /* images (82).jpg */ = {isa = PBXFileReference; lastKnownFileType = image.jpeg; path = "images (82).jpg"; sourceTree = "<group>"; };
		B8BF3C951D2F97D600C1119D /* images (83).jpg */ = {isa = PBXFileReference; lastKnownFileType = image.jpeg; path = "images (83).jpg"; sourceTree = "<group>"; };
		B8BF3C961D2F97D600C1119D /* images (84).jpg */ = {isa = PBXFileReference; lastKnownFileType = image.jpeg; path = "images (84).jpg"; sourceTree = "<group>"; };
		B8BF3C971D2F97D600C1119D /* images (85).jpg */ = {isa = PBXFileReference; lastKnownFileType = image.jpeg; path = "images (85).jpg"; sourceTree = "<group>"; };
		B8BF3C981D2F97D600C1119D /* images (86).jpg */ = {isa = PBXFileReference; lastKnownFileType = image.jpeg; path = "images (86).jpg"; sourceTree = "<group>"; };
		B8BF3C991D2F97D600C1119D /* images (87).jpg */ = {isa = PBXFileReference; lastKnownFileType = image.jpeg; path = "images (87).jpg"; sourceTree = "<group>"; };
		B8BF3C9A1D2F97D600C1119D /* images (88).jpg */ = {isa = PBXFileReference; lastKnownFileType = image.jpeg; path = "images (88).jpg"; sourceTree = "<group>"; };
		B8BF3C9B1D2F97D600C1119D /* images (89).jpg */ = {isa = PBXFileReference; lastKnownFileType = image.jpeg; path = "images (89).jpg"; sourceTree = "<group>"; };
		B8BF3C9C1D2F97D600C1119D /* images (9).jpg */ = {isa = PBXFileReference; lastKnownFileType = image.jpeg; path = "images (9).jpg"; sourceTree = "<group>"; };
		B8BF3C9D1D2F97D600C1119D /* images (90).jpg */ = {isa = PBXFileReference; lastKnownFileType = image.jpeg; path = "images (90).jpg"; sourceTree = "<group>"; };
		B8BF3C9E1D2F97D600C1119D /* images (91).jpg */ = {isa = PBXFileReference; lastKnownFileType = image.jpeg; path = "images (91).jpg"; sourceTree = "<group>"; };
		B8BF3C9F1D2F97D600C1119D /* images (92).jpg */ = {isa = PBXFileReference; lastKnownFileType = image.jpeg; path = "images (92).jpg"; sourceTree = "<group>"; };
		B8BF3CA01D2F97D600C1119D /* images (93).jpg */ = {isa = PBXFileReference; lastKnownFileType = image.jpeg; path = "images (93).jpg"; sourceTree = "<group>"; };
		B8BF3CA11D2F97D600C1119D /* images (94).jpg */ = {isa = PBXFileReference; lastKnownFileType = image.jpeg; path = "images (94).jpg"; sourceTree = "<group>"; };
		B8BF3CA21D2F97D600C1119D /* images (95).jpg */ = {isa = PBXFileReference; lastKnownFileType = image.jpeg; path = "images (95).jpg"; sourceTree = "<group>"; };
		B8BF3CA31D2F97D600C1119D /* images (96).jpg */ = {isa = PBXFileReference; lastKnownFileType = image.jpeg; path = "images (96).jpg"; sourceTree = "<group>"; };
		B8BF3CA41D2F97D600C1119D /* images (97).jpg */ = {isa = PBXFileReference; lastKnownFileType = image.jpeg; path = "images (97).jpg"; sourceTree = "<group>"; };
		B8BF3CA51D2F97D600C1119D /* images (98).jpg */ = {isa = PBXFileReference; lastKnownFileType = image.jpeg; path = "images (98).jpg"; sourceTree = "<group>"; };
		B8BF3CA61D2F97D600C1119D /* images (99).jpg */ = {isa = PBXFileReference; lastKnownFileType = image.jpeg; path = "images (99).jpg"; sourceTree = "<group>"; };
		B8BF3D0B1D2F9A6500C1119D /* MyLayout.swift */ = {isa = PBXFileReference; fileEncoding = 4; lastKnownFileType = sourcecode.swift; path = MyLayout.swift; sourceTree = "<group>"; };
/* End PBXFileReference section */

/* Begin PBXFrameworksBuildPhase section */
		B8BF3C0C1D2F931600C1119D /* Frameworks */ = {
			isa = PBXFrameworksBuildPhase;
			buildActionMask = 2147483647;
			files = (
			);
			runOnlyForDeploymentPostprocessing = 0;
		};
		B8BF3C201D2F931600C1119D /* Frameworks */ = {
			isa = PBXFrameworksBuildPhase;
			buildActionMask = 2147483647;
			files = (
			);
			runOnlyForDeploymentPostprocessing = 0;
		};
		B8BF3C2B1D2F931600C1119D /* Frameworks */ = {
			isa = PBXFrameworksBuildPhase;
			buildActionMask = 2147483647;
			files = (
			);
			runOnlyForDeploymentPostprocessing = 0;
		};
/* End PBXFrameworksBuildPhase section */

/* Begin PBXGroup section */
		B8BF3C061D2F931600C1119D = {
			isa = PBXGroup;
			children = (
				B8BF3C111D2F931600C1119D /* WaterFlowDemo */,
				B8BF3C261D2F931600C1119D /* WaterFlowDemoTests */,
				B8BF3C311D2F931600C1119D /* WaterFlowDemoUITests */,
				B8BF3C101D2F931600C1119D /* Products */,
			);
			sourceTree = "<group>";
		};
		B8BF3C101D2F931600C1119D /* Products */ = {
			isa = PBXGroup;
			children = (
				B8BF3C0F1D2F931600C1119D /* WaterFlowDemo.app */,
				B8BF3C231D2F931600C1119D /* WaterFlowDemoTests.xctest */,
				B8BF3C2E1D2F931600C1119D /* WaterFlowDemoUITests.xctest */,
			);
			name = Products;
			sourceTree = "<group>";
		};
		B8BF3C111D2F931600C1119D /* WaterFlowDemo */ = {
			isa = PBXGroup;
			children = (
				B8BF3C421D2F97D600C1119D /* beautiful scenery _ Google Search */,
				B8BF3C121D2F931600C1119D /* AppDelegate.swift */,
				B8BF3C141D2F931600C1119D /* ViewController.swift */,
				B8BF3C161D2F931600C1119D /* Main.storyboard */,
				B8BF3C191D2F931600C1119D /* Assets.xcassets */,
				B8BF3C1B1D2F931600C1119D /* LaunchScreen.storyboard */,
				B8BF3C1E1D2F931600C1119D /* Info.plist */,
				B8BF3C401D2F94B500C1119D /* MyCell.swift */,
				B8BF3D0B1D2F9A6500C1119D /* MyLayout.swift */,
			);
			path = WaterFlowDemo;
			sourceTree = "<group>";
		};
		B8BF3C261D2F931600C1119D /* WaterFlowDemoTests */ = {
			isa = PBXGroup;
			children = (
				B8BF3C271D2F931600C1119D /* WaterFlowDemoTests.swift */,
				B8BF3C291D2F931600C1119D /* Info.plist */,
			);
			path = WaterFlowDemoTests;
			sourceTree = "<group>";
		};
		B8BF3C311D2F931600C1119D /* WaterFlowDemoUITests */ = {
			isa = PBXGroup;
			children = (
				B8BF3C321D2F931600C1119D /* WaterFlowDemoUITests.swift */,
				B8BF3C341D2F931700C1119D /* Info.plist */,
			);
			path = WaterFlowDemoUITests;
			sourceTree = "<group>";
		};
		B8BF3C421D2F97D600C1119D /* beautiful scenery _ Google Search */ = {
			isa = PBXGroup;
			children = (
				B8BF3C431D2F97D600C1119D /* images (1).jpg */,
				B8BF3C441D2F97D600C1119D /* images (10).jpg */,
				B8BF3C451D2F97D600C1119D /* images (100).jpg */,
				B8BF3C461D2F97D600C1119D /* images (11).jpg */,
				B8BF3C471D2F97D600C1119D /* images (12).jpg */,
				B8BF3C481D2F97D600C1119D /* images (13).jpg */,
				B8BF3C491D2F97D600C1119D /* images (14).jpg */,
				B8BF3C4A1D2F97D600C1119D /* images (15).jpg */,
				B8BF3C4B1D2F97D600C1119D /* images (16).jpg */,
				B8BF3C4C1D2F97D600C1119D /* images (17).jpg */,
				B8BF3C4D1D2F97D600C1119D /* images (18).jpg */,
				B8BF3C4E1D2F97D600C1119D /* images (19).jpg */,
				B8BF3C4F1D2F97D600C1119D /* images (2).jpg */,
				B8BF3C501D2F97D600C1119D /* images (20).jpg */,
				B8BF3C511D2F97D600C1119D /* images (21).jpg */,
				B8BF3C521D2F97D600C1119D /* images (22).jpg */,
				B8BF3C531D2F97D600C1119D /* images (23).jpg */,
				B8BF3C541D2F97D600C1119D /* images (24).jpg */,
				B8BF3C551D2F97D600C1119D /* images (25).jpg */,
				B8BF3C561D2F97D600C1119D /* images (26).jpg */,
				B8BF3C571D2F97D600C1119D /* images (27).jpg */,
				B8BF3C581D2F97D600C1119D /* images (28).jpg */,
				B8BF3C591D2F97D600C1119D /* images (29).jpg */,
				B8BF3C5A1D2F97D600C1119D /* images (3).jpg */,
				B8BF3C5B1D2F97D600C1119D /* images (30).jpg */,
				B8BF3C5C1D2F97D600C1119D /* images (31).jpg */,
				B8BF3C5D1D2F97D600C1119D /* images (32).jpg */,
				B8BF3C5E1D2F97D600C1119D /* images (33).jpg */,
				B8BF3C5F1D2F97D600C1119D /* images (34).jpg */,
				B8BF3C601D2F97D600C1119D /* images (35).jpg */,
				B8BF3C611D2F97D600C1119D /* images (36).jpg */,
				B8BF3C621D2F97D600C1119D /* images (37).jpg */,
				B8BF3C631D2F97D600C1119D /* images (38).jpg */,
				B8BF3C641D2F97D600C1119D /* images (39).jpg */,
				B8BF3C651D2F97D600C1119D /* images (4).jpg */,
				B8BF3C661D2F97D600C1119D /* images (40).jpg */,
				B8BF3C671D2F97D600C1119D /* images (41).jpg */,
				B8BF3C681D2F97D600C1119D /* images (42).jpg */,
				B8BF3C691D2F97D600C1119D /* images (43).jpg */,
				B8BF3C6A1D2F97D600C1119D /* images (44).jpg */,
				B8BF3C6B1D2F97D600C1119D /* images (45).jpg */,
				B8BF3C6C1D2F97D600C1119D /* images (46).jpg */,
				B8BF3C6D1D2F97D600C1119D /* images (47).jpg */,
				B8BF3C6E1D2F97D600C1119D /* images (48).jpg */,
				B8BF3C6F1D2F97D600C1119D /* images (49).jpg */,
				B8BF3C701D2F97D600C1119D /* images (5).jpg */,
				B8BF3C711D2F97D600C1119D /* images (50).jpg */,
				B8BF3C721D2F97D600C1119D /* images (51).jpg */,
				B8BF3C731D2F97D600C1119D /* images (52).jpg */,
				B8BF3C741D2F97D600C1119D /* images (53).jpg */,
				B8BF3C751D2F97D600C1119D /* images (54).jpg */,
				B8BF3C761D2F97D600C1119D /* images (55).jpg */,
				B8BF3C771D2F97D600C1119D /* images (56).jpg */,
				B8BF3C781D2F97D600C1119D /* images (57).jpg */,
				B8BF3C791D2F97D600C1119D /* images (58).jpg */,
				B8BF3C7A1D2F97D600C1119D /* images (59).jpg */,
				B8BF3C7B1D2F97D600C1119D /* images (6).jpg */,
				B8BF3C7C1D2F97D600C1119D /* images (60).jpg */,
				B8BF3C7D1D2F97D600C1119D /* images (61).jpg */,
				B8BF3C7E1D2F97D600C1119D /* images (62).jpg */,
				B8BF3C7F1D2F97D600C1119D /* images (63).jpg */,
				B8BF3C801D2F97D600C1119D /* images (64).jpg */,
				B8BF3C811D2F97D600C1119D /* images (65).jpg */,
				B8BF3C821D2F97D600C1119D /* images (66).jpg */,
				B8BF3C831D2F97D600C1119D /* images (67).jpg */,
				B8BF3C841D2F97D600C1119D /* images (68).jpg */,
				B8BF3C851D2F97D600C1119D /* images (69).jpg */,
				B8BF3C861D2F97D600C1119D /* images (7).jpg */,
				B8BF3C871D2F97D600C1119D /* images (70).jpg */,
				B8BF3C881D2F97D600C1119D /* images (71).jpg */,
				B8BF3C891D2F97D600C1119D /* images (72).jpg */,
				B8BF3C8A1D2F97D600C1119D /* images (73).jpg */,
				B8BF3C8B1D2F97D600C1119D /* images (74).jpg */,
				B8BF3C8C1D2F97D600C1119D /* images (75).jpg */,
				B8BF3C8D1D2F97D600C1119D /* images (76).jpg */,
				B8BF3C8E1D2F97D600C1119D /* images (77).jpg */,
				B8BF3C8F1D2F97D600C1119D /* images (78).jpg */,
				B8BF3C901D2F97D600C1119D /* images (79).jpg */,
				B8BF3C911D2F97D600C1119D /* images (8).jpg */,
				B8BF3C921D2F97D600C1119D /* images (80).jpg */,
				B8BF3C931D2F97D600C1119D /* images (81).jpg */,
				B8BF3C941D2F97D600C1119D /* images (82).jpg */,
				B8BF3C951D2F97D600C1119D /* images (83).jpg */,
				B8BF3C961D2F97D600C1119D /* images (84).jpg */,
				B8BF3C971D2F97D600C1119D /* images (85).jpg */,
				B8BF3C981D2F97D600C1119D /* images (86).jpg */,
				B8BF3C991D2F97D600C1119D /* images (87).jpg */,
				B8BF3C9A1D2F97D600C1119D /* images (88).jpg */,
				B8BF3C9B1D2F97D600C1119D /* images (89).jpg */,
				B8BF3C9C1D2F97D600C1119D /* images (9).jpg */,
				B8BF3C9D1D2F97D600C1119D /* images (90).jpg */,
				B8BF3C9E1D2F97D600C1119D /* images (91).jpg */,
				B8BF3C9F1D2F97D600C1119D /* images (92).jpg */,
				B8BF3CA01D2F97D600C1119D /* images (93).jpg */,
				B8BF3CA11D2F97D600C1119D /* images (94).jpg */,
				B8BF3CA21D2F97D600C1119D /* images (95).jpg */,
				B8BF3CA31D2F97D600C1119D /* images (96).jpg */,
				B8BF3CA41D2F97D600C1119D /* images (97).jpg */,
				B8BF3CA51D2F97D600C1119D /* images (98).jpg */,
				B8BF3CA61D2F97D600C1119D /* images (99).jpg */,
			);
			path = "beautiful scenery _ Google Search";
			sourceTree = "<group>";
		};
/* End PBXGroup section */

/* Begin PBXNativeTarget section */
		B8BF3C0E1D2F931600C1119D /* WaterFlowDemo */ = {
			isa = PBXNativeTarget;
			buildConfigurationList = B8BF3C371D2F931700C1119D /* Build configuration list for PBXNativeTarget "WaterFlowDemo" */;
			buildPhases = (
				B8BF3C0B1D2F931600C1119D /* Sources */,
				B8BF3C0C1D2F931600C1119D /* Frameworks */,
				B8BF3C0D1D2F931600C1119D /* Resources */,
			);
			buildRules = (
			);
			dependencies = (
			);
			name = WaterFlowDemo;
			productName = WaterFlowDemo;
			productReference = B8BF3C0F1D2F931600C1119D /* WaterFlowDemo.app */;
			productType = "com.apple.product-type.application";
		};
		B8BF3C221D2F931600C1119D /* WaterFlowDemoTests */ = {
			isa = PBXNativeTarget;
			buildConfigurationList = B8BF3C3A1D2F931700C1119D /* Build configuration list for PBXNativeTarget "WaterFlowDemoTests" */;
			buildPhases = (
				B8BF3C1F1D2F931600C1119D /* Sources */,
				B8BF3C201D2F931600C1119D /* Frameworks */,
				B8BF3C211D2F931600C1119D /* Resources */,
			);
			buildRules = (
			);
			dependencies = (
				B8BF3C251D2F931600C1119D /* PBXTargetDependency */,
			);
			name = WaterFlowDemoTests;
			productName = WaterFlowDemoTests;
			productReference = B8BF3C231D2F931600C1119D /* WaterFlowDemoTests.xctest */;
			productType = "com.apple.product-type.bundle.unit-test";
		};
		B8BF3C2D1D2F931600C1119D /* WaterFlowDemoUITests */ = {
			isa = PBXNativeTarget;
			buildConfigurationList = B8BF3C3D1D2F931700C1119D /* Build configuration list for PBXNativeTarget "WaterFlowDemoUITests" */;
			buildPhases = (
				B8BF3C2A1D2F931600C1119D /* Sources */,
				B8BF3C2B1D2F931600C1119D /* Frameworks */,
				B8BF3C2C1D2F931600C1119D /* Resources */,
			);
			buildRules = (
			);
			dependencies = (
				B8BF3C301D2F931600C1119D /* PBXTargetDependency */,
			);
			name = WaterFlowDemoUITests;
			productName = WaterFlowDemoUITests;
			productReference = B8BF3C2E1D2F931600C1119D /* WaterFlowDemoUITests.xctest */;
			productType = "com.apple.product-type.bundle.ui-testing";
		};
/* End PBXNativeTarget section */

/* Begin PBXProject section */
		B8BF3C071D2F931600C1119D /* Project object */ = {
			isa = PBXProject;
			attributes = {
				LastSwiftUpdateCheck = 0730;
				LastUpgradeCheck = 0730;
				ORGANIZATIONNAME = "王荣荣";
				TargetAttributes = {
					B8BF3C0E1D2F931600C1119D = {
						CreatedOnToolsVersion = 7.3.1;
					};
					B8BF3C221D2F931600C1119D = {
						CreatedOnToolsVersion = 7.3.1;
						TestTargetID = B8BF3C0E1D2F931600C1119D;
					};
					B8BF3C2D1D2F931600C1119D = {
						CreatedOnToolsVersion = 7.3.1;
						TestTargetID = B8BF3C0E1D2F931600C1119D;
					};
				};
			};
			buildConfigurationList = B8BF3C0A1D2F931600C1119D /* Build configuration list for PBXProject "WaterFlowDemo" */;
			compatibilityVersion = "Xcode 3.2";
			developmentRegion = English;
			hasScannedForEncodings = 0;
			knownRegions = (
				en,
				Base,
			);
			mainGroup = B8BF3C061D2F931600C1119D;
			productRefGroup = B8BF3C101D2F931600C1119D /* Products */;
			projectDirPath = "";
			projectRoot = "";
			targets = (
				B8BF3C0E1D2F931600C1119D /* WaterFlowDemo */,
				B8BF3C221D2F931600C1119D /* WaterFlowDemoTests */,
				B8BF3C2D1D2F931600C1119D /* WaterFlowDemoUITests */,
			);
		};
/* End PBXProject section */

/* Begin PBXResourcesBuildPhase section */
		B8BF3C0D1D2F931600C1119D /* Resources */ = {
			isa = PBXResourcesBuildPhase;
			buildActionMask = 2147483647;
			files = (
				B8BF3CF81D2F97D600C1119D /* images (82).jpg in Resources */,
				B8BF3CE91D2F97D600C1119D /* images (69).jpg in Resources */,
				B8BF3CD41D2F97D600C1119D /* images (5).jpg in Resources */,
				B8BF3CCE1D2F97D600C1119D /* images (44).jpg in Resources */,
				B8BF3CF21D2F97D600C1119D /* images (77).jpg in Resources */,
				B8BF3CD51D2F97D600C1119D /* images (50).jpg in Resources */,
				B8BF3CC21D2F97D600C1119D /* images (33).jpg in Resources */,
				B8BF3CD91D2F97D600C1119D /* images (54).jpg in Resources */,
				B8BF3CD31D2F97D600C1119D /* images (49).jpg in Resources */,
				B8BF3D041D2F97D600C1119D /* images (93).jpg in Resources */,
				B8BF3CB51D2F97D600C1119D /* images (21).jpg in Resources */,
				B8BF3CD81D2F97D600C1119D /* images (53).jpg in Resources */,
				B8BF3CF51D2F97D600C1119D /* images (8).jpg in Resources */,
				B8BF3CDB1D2F97D600C1119D /* images (56).jpg in Resources */,
				B8BF3D051D2F97D600C1119D /* images (94).jpg in Resources */,
				B8BF3CAF1D2F97D600C1119D /* images (16).jpg in Resources */,
				B8BF3CC11D2F97D600C1119D /* images (32).jpg in Resources */,
				B8BF3CD71D2F97D600C1119D /* images (52).jpg in Resources */,
				B8BF3CB91D2F97D600C1119D /* images (25).jpg in Resources */,
				B8BF3CED1D2F97D600C1119D /* images (72).jpg in Resources */,
				B8BF3CD11D2F97D600C1119D /* images (47).jpg in Resources */,
				B8BF3CE31D2F97D600C1119D /* images (63).jpg in Resources */,
				B8BF3D011D2F97D600C1119D /* images (90).jpg in Resources */,
				B8BF3CAB1D2F97D600C1119D /* images (12).jpg in Resources */,
				B8BF3CB11D2F97D600C1119D /* images (18).jpg in Resources */,
				B8BF3CBC1D2F97D600C1119D /* images (28).jpg in Resources */,
				B8BF3D091D2F97D600C1119D /* images (98).jpg in Resources */,
				B8BF3D061D2F97D600C1119D /* images (95).jpg in Resources */,
				B8BF3CCA1D2F97D600C1119D /* images (40).jpg in Resources */,
				B8BF3CE81D2F97D600C1119D /* images (68).jpg in Resources */,
				B8BF3CC41D2F97D600C1119D /* images (35).jpg in Resources */,
				B8BF3CCB1D2F97D600C1119D /* images (41).jpg in Resources */,
				B8BF3CF11D2F97D600C1119D /* images (76).jpg in Resources */,
				B8BF3CB01D2F97D600C1119D /* images (17).jpg in Resources */,
				B8BF3CBB1D2F97D600C1119D /* images (27).jpg in Resources */,
				B8BF3C1D1D2F931600C1119D /* LaunchScreen.storyboard in Resources */,
				B8BF3CC61D2F97D600C1119D /* images (37).jpg in Resources */,
				B8BF3CF61D2F97D600C1119D /* images (80).jpg in Resources */,
				B8BF3CAE1D2F97D600C1119D /* images (15).jpg in Resources */,
				B8BF3CC31D2F97D600C1119D /* images (34).jpg in Resources */,
				B8BF3CD61D2F97D600C1119D /* images (51).jpg in Resources */,
				B8BF3D021D2F97D600C1119D /* images (91).jpg in Resources */,
				B8BF3CF41D2F97D600C1119D /* images (79).jpg in Resources */,
				B8BF3CB31D2F97D600C1119D /* images (2).jpg in Resources */,
				B8BF3CA91D2F97D600C1119D /* images (100).jpg in Resources */,
				B8BF3CFC1D2F97D600C1119D /* images (86).jpg in Resources */,
				B8BF3CD21D2F97D600C1119D /* images (48).jpg in Resources */,
				B8BF3CD01D2F97D600C1119D /* images (46).jpg in Resources */,
				B8BF3CBF1D2F97D600C1119D /* images (30).jpg in Resources */,
				B8BF3CFB1D2F97D600C1119D /* images (85).jpg in Resources */,
				B8BF3CA81D2F97D600C1119D /* images (10).jpg in Resources */,
				B8BF3D081D2F97D600C1119D /* images (97).jpg in Resources */,
				B8BF3CB71D2F97D600C1119D /* images (23).jpg in Resources */,
				B8BF3CDF1D2F97D600C1119D /* images (6).jpg in Resources */,
				B8BF3CC71D2F97D600C1119D /* images (38).jpg in Resources */,
				B8BF3CE61D2F97D600C1119D /* images (66).jpg in Resources */,
				B8BF3CC01D2F97D600C1119D /* images (31).jpg in Resources */,
				B8BF3CC51D2F97D600C1119D /* images (36).jpg in Resources */,
				B8BF3CDC1D2F97D600C1119D /* images (57).jpg in Resources */,
				B8BF3CA71D2F97D600C1119D /* images (1).jpg in Resources */,
				B8BF3CDE1D2F97D600C1119D /* images (59).jpg in Resources */,
				B8BF3CAA1D2F97D600C1119D /* images (11).jpg in Resources */,
				B8BF3D001D2F97D600C1119D /* images (9).jpg in Resources */,
				B8BF3CDD1D2F97D600C1119D /* images (58).jpg in Resources */,
				B8BF3CEC1D2F97D600C1119D /* images (71).jpg in Resources */,
				B8BF3CC81D2F97D600C1119D /* images (39).jpg in Resources */,
				B8BF3D0A1D2F97D600C1119D /* images (99).jpg in Resources */,
				B8BF3CF31D2F97D600C1119D /* images (78).jpg in Resources */,
				B8BF3CB41D2F97D600C1119D /* images (20).jpg in Resources */,
				B8BF3CFD1D2F97D600C1119D /* images (87).jpg in Resources */,
				B8BF3CCF1D2F97D600C1119D /* images (45).jpg in Resources */,
				B8BF3C1A1D2F931600C1119D /* Assets.xcassets in Resources */,
				B8BF3CF01D2F97D600C1119D /* images (75).jpg in Resources */,
				B8BF3CBD1D2F97D600C1119D /* images (29).jpg in Resources */,
				B8BF3CF91D2F97D600C1119D /* images (83).jpg in Resources */,
				B8BF3CFE1D2F97D600C1119D /* images (88).jpg in Resources */,
				B8BF3CE01D2F97D600C1119D /* images (60).jpg in Resources */,
				B8BF3CE41D2F97D600C1119D /* images (64).jpg in Resources */,
				B8BF3CEF1D2F97D600C1119D /* images (74).jpg in Resources */,
				B8BF3CE21D2F97D600C1119D /* images (62).jpg in Resources */,
				B8BF3CBA1D2F97D600C1119D /* images (26).jpg in Resources */,
				B8BF3CF71D2F97D600C1119D /* images (81).jpg in Resources */,
				B8BF3CCD1D2F97D600C1119D /* images (43).jpg in Resources */,
				B8BF3CB81D2F97D600C1119D /* images (24).jpg in Resources */,
				B8BF3CAC1D2F97D600C1119D /* images (13).jpg in Resources */,
				B8BF3CDA1D2F97D600C1119D /* images (55).jpg in Resources */,
				B8BF3D031D2F97D600C1119D /* images (92).jpg in Resources */,
				B8BF3CEB1D2F97D600C1119D /* images (70).jpg in Resources */,
				B8BF3CFF1D2F97D600C1119D /* images (89).jpg in Resources */,
				B8BF3CB21D2F97D600C1119D /* images (19).jpg in Resources */,
				B8BF3CFA1D2F97D600C1119D /* images (84).jpg in Resources */,
				B8BF3CE51D2F97D600C1119D /* images (65).jpg in Resources */,
				B8BF3CAD1D2F97D600C1119D /* images (14).jpg in Resources */,
				B8BF3CE11D2F97D600C1119D /* images (61).jpg in Resources */,
				B8BF3CB61D2F97D600C1119D /* images (22).jpg in Resources */,
				B8BF3D071D2F97D600C1119D /* images (96).jpg in Resources */,
				B8BF3CBE1D2F97D600C1119D /* images (3).jpg in Resources */,
				B8BF3CC91D2F97D600C1119D /* images (4).jpg in Resources */,
				B8BF3C181D2F931600C1119D /* Main.storyboard in Resources */,
				B8BF3CE71D2F97D600C1119D /* images (67).jpg in Resources */,
				B8BF3CEE1D2F97D600C1119D /* images (73).jpg in Resources */,
				B8BF3CCC1D2F97D600C1119D /* images (42).jpg in Resources */,
				B8BF3CEA1D2F97D600C1119D /* images (7).jpg in Resources */,
			);
			runOnlyForDeploymentPostprocessing = 0;
		};
		B8BF3C211D2F931600C1119D /* Resources */ = {
			isa = PBXResourcesBuildPhase;
			buildActionMask = 2147483647;
			files = (
			);
			runOnlyForDeploymentPostprocessing = 0;
		};
		B8BF3C2C1D2F931600C1119D /* Resources */ = {
			isa = PBXResourcesBuildPhase;
			buildActionMask = 2147483647;
			files = (
			);
			runOnlyForDeploymentPostprocessing = 0;
		};
/* End PBXResourcesBuildPhase section */

/* Begin PBXSourcesBuildPhase section */
		B8BF3C0B1D2F931600C1119D /* Sources */ = {
			isa = PBXSourcesBuildPhase;
			buildActionMask = 2147483647;
			files = (
				B8BF3C411D2F94B500C1119D /* MyCell.swift in Sources */,
				B8BF3D0C1D2F9A6500C1119D /* MyLayout.swift in Sources */,
				B8BF3C151D2F931600C1119D /* ViewController.swift in Sources */,
				B8BF3C131D2F931600C1119D /* AppDelegate.swift in Sources */,
			);
			runOnlyForDeploymentPostprocessing = 0;
		};
		B8BF3C1F1D2F931600C1119D /* Sources */ = {
			isa = PBXSourcesBuildPhase;
			buildActionMask = 2147483647;
			files = (
				B8BF3C281D2F931600C1119D /* WaterFlowDemoTests.swift in Sources */,
			);
			runOnlyForDeploymentPostprocessing = 0;
		};
		B8BF3C2A1D2F931600C1119D /* Sources */ = {
			isa = PBXSourcesBuildPhase;
			buildActionMask = 2147483647;
			files = (
				B8BF3C331D2F931600C1119D /* WaterFlowDemoUITests.swift in Sources */,
			);
			runOnlyForDeploymentPostprocessing = 0;
		};
/* End PBXSourcesBuildPhase section */

/* Begin PBXTargetDependency section */
		B8BF3C251D2F931600C1119D /* PBXTargetDependency */ = {
			isa = PBXTargetDependency;
			target = B8BF3C0E1D2F931600C1119D /* WaterFlowDemo */;
			targetProxy = B8BF3C241D2F931600C1119D /* PBXContainerItemProxy */;
		};
		B8BF3C301D2F931600C1119D /* PBXTargetDependency */ = {
			isa = PBXTargetDependency;
			target = B8BF3C0E1D2F931600C1119D /* WaterFlowDemo */;
			targetProxy = B8BF3C2F1D2F931600C1119D /* PBXContainerItemProxy */;
		};
/* End PBXTargetDependency section */

/* Begin PBXVariantGroup section */
		B8BF3C161D2F931600C1119D /* Main.storyboard */ = {
			isa = PBXVariantGroup;
			children = (
				B8BF3C171D2F931600C1119D /* Base */,
			);
			name = Main.storyboard;
			sourceTree = "<group>";
		};
		B8BF3C1B1D2F931600C1119D /* LaunchScreen.storyboard */ = {
			isa = PBXVariantGroup;
			children = (
				B8BF3C1C1D2F931600C1119D /* Base */,
			);
			name = LaunchScreen.storyboard;
			sourceTree = "<group>";
		};
/* End PBXVariantGroup section */

/* Begin XCBuildConfiguration section */
		B8BF3C351D2F931700C1119D /* Debug */ = {
			isa = XCBuildConfiguration;
			buildSettings = {
				ALWAYS_SEARCH_USER_PATHS = NO;
				CLANG_ANALYZER_NONNULL = YES;
				CLANG_CXX_LANGUAGE_STANDARD = "gnu++0x";
				CLANG_CXX_LIBRARY = "libc++";
				CLANG_ENABLE_MODULES = YES;
				CLANG_ENABLE_OBJC_ARC = YES;
				CLANG_WARN_BOOL_CONVERSION = YES;
				CLANG_WARN_CONSTANT_CONVERSION = YES;
				CLANG_WARN_DIRECT_OBJC_ISA_USAGE = YES_ERROR;
				CLANG_WARN_EMPTY_BODY = YES;
				CLANG_WARN_ENUM_CONVERSION = YES;
				CLANG_WARN_INT_CONVERSION = YES;
				CLANG_WARN_OBJC_ROOT_CLASS = YES_ERROR;
				CLANG_WARN_UNREACHABLE_CODE = YES;
				CLANG_WARN__DUPLICATE_METHOD_MATCH = YES;
				"CODE_SIGN_IDENTITY[sdk=iphoneos*]" = "iPhone Developer";
				COPY_PHASE_STRIP = NO;
				DEBUG_INFORMATION_FORMAT = dwarf;
				ENABLE_STRICT_OBJC_MSGSEND = YES;
				ENABLE_TESTABILITY = YES;
				GCC_C_LANGUAGE_STANDARD = gnu99;
				GCC_DYNAMIC_NO_PIC = NO;
				GCC_NO_COMMON_BLOCKS = YES;
				GCC_OPTIMIZATION_LEVEL = 0;
				GCC_PREPROCESSOR_DEFINITIONS = (
					"DEBUG=1",
					"$(inherited)",
				);
				GCC_WARN_64_TO_32_BIT_CONVERSION = YES;
				GCC_WARN_ABOUT_RETURN_TYPE = YES_ERROR;
				GCC_WARN_UNDECLARED_SELECTOR = YES;
				GCC_WARN_UNINITIALIZED_AUTOS = YES_AGGRESSIVE;
				GCC_WARN_UNUSED_FUNCTION = YES;
				GCC_WARN_UNUSED_VARIABLE = YES;
				IPHONEOS_DEPLOYMENT_TARGET = 9.3;
				MTL_ENABLE_DEBUG_INFO = YES;
				ONLY_ACTIVE_ARCH = YES;
				SDKROOT = iphoneos;
				SWIFT_OPTIMIZATION_LEVEL = "-Onone";
				TARGETED_DEVICE_FAMILY = "1,2";
			};
			name = Debug;
		};
		B8BF3C361D2F931700C1119D /* Release */ = {
			isa = XCBuildConfiguration;
			buildSettings = {
				ALWAYS_SEARCH_USER_PATHS = NO;
				CLANG_ANALYZER_NONNULL = YES;
				CLANG_CXX_LANGUAGE_STANDARD = "gnu++0x";
				CLANG_CXX_LIBRARY = "libc++";
				CLANG_ENABLE_MODULES = YES;
				CLANG_ENABLE_OBJC_ARC = YES;
				CLANG_WARN_BOOL_CONVERSION = YES;
				CLANG_WARN_CONSTANT_CONVERSION = YES;
				CLANG_WARN_DIRECT_OBJC_ISA_USAGE = YES_ERROR;
				CLANG_WARN_EMPTY_BODY = YES;
				CLANG_WARN_ENUM_CONVERSION = YES;
				CLANG_WARN_INT_CONVERSION = YES;
				CLANG_WARN_OBJC_ROOT_CLASS = YES_ERROR;
				CLANG_WARN_UNREACHABLE_CODE = YES;
				CLANG_WARN__DUPLICATE_METHOD_MATCH = YES;
				"CODE_SIGN_IDENTITY[sdk=iphoneos*]" = "iPhone Developer";
				COPY_PHASE_STRIP = NO;
				DEBUG_INFORMATION_FORMAT = "dwarf-with-dsym";
				ENABLE_NS_ASSERTIONS = NO;
				ENABLE_STRICT_OBJC_MSGSEND = YES;
				GCC_C_LANGUAGE_STANDARD = gnu99;
				GCC_NO_COMMON_BLOCKS = YES;
				GCC_WARN_64_TO_32_BIT_CONVERSION = YES;
				GCC_WARN_ABOUT_RETURN_TYPE = YES_ERROR;
				GCC_WARN_UNDECLARED_SELECTOR = YES;
				GCC_WARN_UNINITIALIZED_AUTOS = YES_AGGRESSIVE;
				GCC_WARN_UNUSED_FUNCTION = YES;
				GCC_WARN_UNUSED_VARIABLE = YES;
				IPHONEOS_DEPLOYMENT_TARGET = 9.3;
				MTL_ENABLE_DEBUG_INFO = NO;
				SDKROOT = iphoneos;
				TARGETED_DEVICE_FAMILY = "1,2";
				VALIDATE_PRODUCT = YES;
			};
			name = Release;
		};
		B8BF3C381D2F931700C1119D /* Debug */ = {
			isa = XCBuildConfiguration;
			buildSettings = {
				ASSETCATALOG_COMPILER_APPICON_NAME = AppIcon;
				INFOPLIST_FILE = WaterFlowDemo/Info.plist;
				LD_RUNPATH_SEARCH_PATHS = "$(inherited) @executable_path/Frameworks";
				PRODUCT_BUNDLE_IDENTIFIER = com.fordeson.WaterFlowDemo;
				PRODUCT_NAME = "$(TARGET_NAME)";
			};
			name = Debug;
		};
		B8BF3C391D2F931700C1119D /* Release */ = {
			isa = XCBuildConfiguration;
			buildSettings = {
				ASSETCATALOG_COMPILER_APPICON_NAME = AppIcon;
				INFOPLIST_FILE = WaterFlowDemo/Info.plist;
				LD_RUNPATH_SEARCH_PATHS = "$(inherited) @executable_path/Frameworks";
				PRODUCT_BUNDLE_IDENTIFIER = com.fordeson.WaterFlowDemo;
				PRODUCT_NAME = "$(TARGET_NAME)";
			};
			name = Release;
		};
		B8BF3C3B1D2F931700C1119D /* Debug */ = {
			isa = XCBuildConfiguration;
			buildSettings = {
				BUNDLE_LOADER = "$(TEST_HOST)";
				INFOPLIST_FILE = WaterFlowDemoTests/Info.plist;
				LD_RUNPATH_SEARCH_PATHS = "$(inherited) @executable_path/Frameworks @loader_path/Frameworks";
				PRODUCT_BUNDLE_IDENTIFIER = com.fordeson.WaterFlowDemoTests;
				PRODUCT_NAME = "$(TARGET_NAME)";
				TEST_HOST = "$(BUILT_PRODUCTS_DIR)/WaterFlowDemo.app/WaterFlowDemo";
			};
			name = Debug;
		};
		B8BF3C3C1D2F931700C1119D /* Release */ = {
			isa = XCBuildConfiguration;
			buildSettings = {
				BUNDLE_LOADER = "$(TEST_HOST)";
				INFOPLIST_FILE = WaterFlowDemoTests/Info.plist;
				LD_RUNPATH_SEARCH_PATHS = "$(inherited) @executable_path/Frameworks @loader_path/Frameworks";
				PRODUCT_BUNDLE_IDENTIFIER = com.fordeson.WaterFlowDemoTests;
				PRODUCT_NAME = "$(TARGET_NAME)";
				TEST_HOST = "$(BUILT_PRODUCTS_DIR)/WaterFlowDemo.app/WaterFlowDemo";
			};
			name = Release;
		};
		B8BF3C3E1D2F931700C1119D /* Debug */ = {
			isa = XCBuildConfiguration;
			buildSettings = {
				INFOPLIST_FILE = WaterFlowDemoUITests/Info.plist;
				LD_RUNPATH_SEARCH_PATHS = "$(inherited) @executable_path/Frameworks @loader_path/Frameworks";
				PRODUCT_BUNDLE_IDENTIFIER = com.fordeson.WaterFlowDemoUITests;
				PRODUCT_NAME = "$(TARGET_NAME)";
				TEST_TARGET_NAME = WaterFlowDemo;
			};
			name = Debug;
		};
		B8BF3C3F1D2F931700C1119D /* Release */ = {
			isa = XCBuildConfiguration;
			buildSettings = {
				INFOPLIST_FILE = WaterFlowDemoUITests/Info.plist;
				LD_RUNPATH_SEARCH_PATHS = "$(inherited) @executable_path/Frameworks @loader_path/Frameworks";
				PRODUCT_BUNDLE_IDENTIFIER = com.fordeson.WaterFlowDemoUITests;
				PRODUCT_NAME = "$(TARGET_NAME)";
				TEST_TARGET_NAME = WaterFlowDemo;
			};
			name = Release;
		};
/* End XCBuildConfiguration section */

/* Begin XCConfigurationList section */
		B8BF3C0A1D2F931600C1119D /* Build configuration list for PBXProject "WaterFlowDemo" */ = {
			isa = XCConfigurationList;
			buildConfigurations = (
				B8BF3C351D2F931700C1119D /* Debug */,
				B8BF3C361D2F931700C1119D /* Release */,
			);
			defaultConfigurationIsVisible = 0;
			defaultConfigurationName = Release;
		};
		B8BF3C371D2F931700C1119D /* Build configuration list for PBXNativeTarget "WaterFlowDemo" */ = {
			isa = XCConfigurationList;
			buildConfigurations = (
				B8BF3C381D2F931700C1119D /* Debug */,
				B8BF3C391D2F931700C1119D /* Release */,
			);
			defaultConfigurationIsVisible = 0;
		};
		B8BF3C3A1D2F931700C1119D /* Build configuration list for PBXNativeTarget "WaterFlowDemoTests" */ = {
			isa = XCConfigurationList;
			buildConfigurations = (
				B8BF3C3B1D2F931700C1119D /* Debug */,
				B8BF3C3C1D2F931700C1119D /* Release */,
			);
			defaultConfigurationIsVisible = 0;
		};
		B8BF3C3D1D2F931700C1119D /* Build configuration list for PBXNativeTarget "WaterFlowDemoUITests" */ = {
			isa = XCConfigurationList;
			buildConfigurations = (
				B8BF3C3E1D2F931700C1119D /* Debug */,
				B8BF3C3F1D2F931700C1119D /* Release */,
			);
			defaultConfigurationIsVisible = 0;
		};
/* End XCConfigurationList section */
	};
	rootObject = B8BF3C071D2F931600C1119D /* Project object */;
}
